{
  "name": "cc-caller-cloudflare-worker",
  "lockfileVersion": 3,
  "requires": true,
  "packages": {
    "": {
      "name": "cc-caller-cloudflare-worker",
      "dependencies": {
        "@cloudflare/containers": "0.0.31"
      }
    },
    "node_modules/@cloudflare/containers": {
      "version": "0.0.31",
      "resolved": "https://registry.npmjs.org/@cloudflare/containers/-/containers-0.0.31.tgz",
      "integrity": "sha512-zHxW6/JMzvK9To98OcNg2d3eiZUZRg11pARmQpJJyQdIQ0eQ/dh/Wpufx+HGd0k/xjMdrFP77YnOeopxdzsgng==",
      "license": "ISC"
    }
  }
}
